
Microsoft Visual Studio Solution File, Format Version 12.00
# Visual Studio Version 17
VisualStudioVersion = 17.7.34031.279
MinimumVisualStudioVersion = 10.0.40219.1
Project("{9A19103F-16F7-4668-BE54-9A1E7A4F7556}") = "ByteSerialization.IO", "ByteSerialization.IO\ByteSerialization.IO.csproj", "{C4FF6EDB-B5C3-4220-947B-1D7A20D48408}"
EndProject
Project("{9A19103F-16F7-4668-BE54-9A1E7A4F7556}") = "ByteSerialization.IO.Tests", "ByteSerialization.IO.Tests\ByteSerialization.IO.Tests.csproj", "{624402E5-7C71-4EAE-89C8-1BF1E2D29FD7}"
EndProject
Project("{9A19103F-16F7-4668-BE54-9A1E7A4F7556}") = "ByteSerialization", "ByteSerialization\ByteSerialization.csproj", "{CD9B4C00-25CE-4B15-A74E-FC8C28805A6D}"
EndProject
Project("{2150E333-8FDC-42A3-9474-1A3956D46DE8}") = "Solution Items", "Solution Items", "{B0AB6982-F257-4B5C-B1E5-8411B187442B}"
	ProjectSection(SolutionItems) = preProject
		.editorconfig = .editorconfig
		.github\workflows\nuget.yml = .github\workflows\nuget.yml
	EndProjectSection
EndProject
Project("{9A19103F-16F7-4668-BE54-9A1E7A4F7556}") = "SWE1R.Assets.Blocks", "SWE1R.Assets.Blocks\SWE1R.Assets.Blocks.csproj", "{C6CFA136-89FC-4D96-8696-6C8256462D6D}"
EndProject
Project("{9A19103F-16F7-4668-BE54-9A1E7A4F7556}") = "SWE1R.Assets.Blocks.Original.SQLite", "SWE1R.Assets.Blocks.Original.SQLite\SWE1R.Assets.Blocks.Original.SQLite.csproj", "{4F72DAFE-F8E8-4405-A9AA-9B4408D3ECD6}"
EndProject
Project("{9A19103F-16F7-4668-BE54-9A1E7A4F7556}") = "SWE1R.Assets.Blocks.Original.Tests", "SWE1R.Assets.Blocks.Original.Tests\SWE1R.Assets.Blocks.Original.Tests.csproj", "{17B9E912-CC3D-4230-AF0A-CBA1776D97ED}"
EndProject
Project("{9A19103F-16F7-4668-BE54-9A1E7A4F7556}") = "SWE1R.Assets.Blocks.Original", "SWE1R.Assets.Blocks.Original\SWE1R.Assets.Blocks.Original.csproj", "{AB0040CA-6F10-4763-8906-AC87D94D98B1}"
EndProject
Project("{9A19103F-16F7-4668-BE54-9A1E7A4F7556}") = "SWE1R.Assets.Blocks.Original.SQLite.Tests", "SWE1R.Assets.Blocks.Original.SQLite.Tests\SWE1R.Assets.Blocks.Original.SQLite.Tests.csproj", "{BEC34FB3-EF75-4D94-86C6-5F40B366682F}"
EndProject
Project("{9A19103F-16F7-4668-BE54-9A1E7A4F7556}") = "SWE1R.Assets.Blocks.TestUtils", "SWE1R.Assets.Blocks.TestUtils\SWE1R.Assets.Blocks.TestUtils.csproj", "{40959919-A585-4D44-808F-63C40671618A}"
EndProject
Project("{9A19103F-16F7-4668-BE54-9A1E7A4F7556}") = "SWE1R.Assets.Blocks.CommandLine", "SWE1R.Assets.Blocks.CommandLine\SWE1R.Assets.Blocks.CommandLine.csproj", "{3E51F93B-1BB8-4FE6-A08B-B2473AF9B411}"
EndProject
Project("{9A19103F-16F7-4668-BE54-9A1E7A4F7556}") = "SWE1R.Assets.Blocks.Original.SQLite.CommandLine", "SWE1R.Assets.Blocks.Original.SQLite.CommandLine\SWE1R.Assets.Blocks.Original.SQLite.CommandLine.csproj", "{BE162FC0-D45C-422D-ABA2-EF52B1825E7A}"
EndProject
Project("{9A19103F-16F7-4668-BE54-9A1E7A4F7556}") = "FiddleApp", "FiddleApp\FiddleApp.csproj", "{FA03D397-3BD2-48F2-9302-615E68409273}"
EndProject
Project("{9A19103F-16F7-4668-BE54-9A1E7A4F7556}") = "SWE1R.Assets.Blocks.Images.ImageSharp", "SWE1R.Assets.Blocks.Images.ImageSharp\SWE1R.Assets.Blocks.Images.ImageSharp.csproj", "{BB109424-8B3B-4121-9B9A-025209A48466}"
EndProject
Project("{9A19103F-16F7-4668-BE54-9A1E7A4F7556}") = "SWE1R.Assets.Blocks.Images.SystemDrawing", "SWE1R.Assets.Blocks.Images.SystemDrawing\SWE1R.Assets.Blocks.Images.SystemDrawing.csproj", "{0503A08F-2A4E-42FF-98E2-5CCCEDF599F2}"
EndProject
Project("{9A19103F-16F7-4668-BE54-9A1E7A4F7556}") = "SWE1R.Assets.Blocks.Original.CommandLine", "SWE1R.Assets.Blocks.Original.CommandLine\SWE1R.Assets.Blocks.Original.CommandLine.csproj", "{F6D9E34F-8F49-4E68-962A-B431E22E545B}"
EndProject
Project("{9A19103F-16F7-4668-BE54-9A1E7A4F7556}") = "SWE1R.Assets.Blocks.ModelBlock.Import.Resources.Tests", "SWE1R.Assets.Blocks.ModelBlock.Import.Resources.Tests\SWE1R.Assets.Blocks.ModelBlock.Import.Resources.Tests.csproj", "{2D5AEF31-9B09-49A1-A1EC-687E291C8BD7}"
EndProject
Project("{FAE04EC0-301F-11D3-BF4B-00C04F79EFBC}") = "SWE1R.Assets.Blocks.ModelBlock.Import.Resources", "SWE1R.Assets.Blocks.ModelBlock.Import.Resources\SWE1R.Assets.Blocks.ModelBlock.Import.Resources.csproj", "{B2650CD3-BEE2-4A30-A6E2-2BE0C4C005B7}"
EndProject
Global
	GlobalSection(SolutionConfigurationPlatforms) = preSolution
		Debug|Any CPU = Debug|Any CPU
		Release|Any CPU = Release|Any CPU
	EndGlobalSection
	GlobalSection(ProjectConfigurationPlatforms) = postSolution
		{C4FF6EDB-B5C3-4220-947B-1D7A20D48408}.Debug|Any CPU.ActiveCfg = Debug|Any CPU
		{C4FF6EDB-B5C3-4220-947B-1D7A20D48408}.Debug|Any CPU.Build.0 = Debug|Any CPU
		{C4FF6EDB-B5C3-4220-947B-1D7A20D48408}.Release|Any CPU.ActiveCfg = Release|Any CPU
		{C4FF6EDB-B5C3-4220-947B-1D7A20D48408}.Release|Any CPU.Build.0 = Release|Any CPU
		{624402E5-7C71-4EAE-89C8-1BF1E2D29FD7}.Debug|Any CPU.ActiveCfg = Debug|Any CPU
		{624402E5-7C71-4EAE-89C8-1BF1E2D29FD7}.Debug|Any CPU.Build.0 = Debug|Any CPU
		{624402E5-7C71-4EAE-89C8-1BF1E2D29FD7}.Release|Any CPU.ActiveCfg = Release|Any CPU
		{624402E5-7C71-4EAE-89C8-1BF1E2D29FD7}.Release|Any CPU.Build.0 = Release|Any CPU
		{CD9B4C00-25CE-4B15-A74E-FC8C28805A6D}.Debug|Any CPU.ActiveCfg = Debug|Any CPU
		{CD9B4C00-25CE-4B15-A74E-FC8C28805A6D}.Debug|Any CPU.Build.0 = Debug|Any CPU
		{CD9B4C00-25CE-4B15-A74E-FC8C28805A6D}.Release|Any CPU.ActiveCfg = Release|Any CPU
		{CD9B4C00-25CE-4B15-A74E-FC8C28805A6D}.Release|Any CPU.Build.0 = Release|Any CPU
		{C6CFA136-89FC-4D96-8696-6C8256462D6D}.Debug|Any CPU.ActiveCfg = Debug|Any CPU
		{C6CFA136-89FC-4D96-8696-6C8256462D6D}.Debug|Any CPU.Build.0 = Debug|Any CPU
		{C6CFA136-89FC-4D96-8696-6C8256462D6D}.Release|Any CPU.ActiveCfg = Release|Any CPU
		{C6CFA136-89FC-4D96-8696-6C8256462D6D}.Release|Any CPU.Build.0 = Release|Any CPU
		{4F72DAFE-F8E8-4405-A9AA-9B4408D3ECD6}.Debug|Any CPU.ActiveCfg = Debug|Any CPU
		{4F72DAFE-F8E8-4405-A9AA-9B4408D3ECD6}.Debug|Any CPU.Build.0 = Debug|Any CPU
		{4F72DAFE-F8E8-4405-A9AA-9B4408D3ECD6}.Release|Any CPU.ActiveCfg = Release|Any CPU
		{4F72DAFE-F8E8-4405-A9AA-9B4408D3ECD6}.Release|Any CPU.Build.0 = Release|Any CPU
		{17B9E912-CC3D-4230-AF0A-CBA1776D97ED}.Debug|Any CPU.ActiveCfg = Debug|Any CPU
		{17B9E912-CC3D-4230-AF0A-CBA1776D97ED}.Debug|Any CPU.Build.0 = Debug|Any CPU
		{17B9E912-CC3D-4230-AF0A-CBA1776D97ED}.Release|Any CPU.ActiveCfg = Release|Any CPU
		{17B9E912-CC3D-4230-AF0A-CBA1776D97ED}.Release|Any CPU.Build.0 = Release|Any CPU
		{AB0040CA-6F10-4763-8906-AC87D94D98B1}.Debug|Any CPU.ActiveCfg = Debug|Any CPU
		{AB0040CA-6F10-4763-8906-AC87D94D98B1}.Debug|Any CPU.Build.0 = Debug|Any CPU
		{AB0040CA-6F10-4763-8906-AC87D94D98B1}.Release|Any CPU.ActiveCfg = Release|Any CPU
		{AB0040CA-6F10-4763-8906-AC87D94D98B1}.Release|Any CPU.Build.0 = Release|Any CPU
		{BEC34FB3-EF75-4D94-86C6-5F40B366682F}.Debug|Any CPU.ActiveCfg = Debug|Any CPU
		{BEC34FB3-EF75-4D94-86C6-5F40B366682F}.Debug|Any CPU.Build.0 = Debug|Any CPU
		{BEC34FB3-EF75-4D94-86C6-5F40B366682F}.Release|Any CPU.ActiveCfg = Release|Any CPU
		{BEC34FB3-EF75-4D94-86C6-5F40B366682F}.Release|Any CPU.Build.0 = Release|Any CPU
		{40959919-A585-4D44-808F-63C40671618A}.Debug|Any CPU.ActiveCfg = Debug|Any CPU
		{40959919-A585-4D44-808F-63C40671618A}.Debug|Any CPU.Build.0 = Debug|Any CPU
		{40959919-A585-4D44-808F-63C40671618A}.Release|Any CPU.ActiveCfg = Release|Any CPU
		{40959919-A585-4D44-808F-63C40671618A}.Release|Any CPU.Build.0 = Release|Any CPU
		{3E51F93B-1BB8-4FE6-A08B-B2473AF9B411}.Debug|Any CPU.ActiveCfg = Debug|Any CPU
		{3E51F93B-1BB8-4FE6-A08B-B2473AF9B411}.Debug|Any CPU.Build.0 = Debug|Any CPU
		{3E51F93B-1BB8-4FE6-A08B-B2473AF9B411}.Release|Any CPU.ActiveCfg = Release|Any CPU
		{3E51F93B-1BB8-4FE6-A08B-B2473AF9B411}.Release|Any CPU.Build.0 = Release|Any CPU
		{BE162FC0-D45C-422D-ABA2-EF52B1825E7A}.Debug|Any CPU.ActiveCfg = Debug|Any CPU
		{BE162FC0-D45C-422D-ABA2-EF52B1825E7A}.Debug|Any CPU.Build.0 = Debug|Any CPU
		{BE162FC0-D45C-422D-ABA2-EF52B1825E7A}.Release|Any CPU.ActiveCfg = Release|Any CPU
		{BE162FC0-D45C-422D-ABA2-EF52B1825E7A}.Release|Any CPU.Build.0 = Release|Any CPU
		{FA03D397-3BD2-48F2-9302-615E68409273}.Debug|Any CPU.ActiveCfg = Debug|Any CPU
		{FA03D397-3BD2-48F2-9302-615E68409273}.Debug|Any CPU.Build.0 = Debug|Any CPU
		{FA03D397-3BD2-48F2-9302-615E68409273}.Release|Any CPU.ActiveCfg = Release|Any CPU
		{FA03D397-3BD2-48F2-9302-615E68409273}.Release|Any CPU.Build.0 = Release|Any CPU
		{BB109424-8B3B-4121-9B9A-025209A48466}.Debug|Any CPU.ActiveCfg = Debug|Any CPU
		{BB109424-8B3B-4121-9B9A-025209A48466}.Debug|Any CPU.Build.0 = Debug|Any CPU
		{BB109424-8B3B-4121-9B9A-025209A48466}.Release|Any CPU.ActiveCfg = Release|Any CPU
		{BB109424-8B3B-4121-9B9A-025209A48466}.Release|Any CPU.Build.0 = Release|Any CPU
		{0503A08F-2A4E-42FF-98E2-5CCCEDF599F2}.Debug|Any CPU.ActiveCfg = Debug|Any CPU
		{0503A08F-2A4E-42FF-98E2-5CCCEDF599F2}.Debug|Any CPU.Build.0 = Debug|Any CPU
		{0503A08F-2A4E-42FF-98E2-5CCCEDF599F2}.Release|Any CPU.ActiveCfg = Release|Any CPU
		{0503A08F-2A4E-42FF-98E2-5CCCEDF599F2}.Release|Any CPU.Build.0 = Release|Any CPU
		{F6D9E34F-8F49-4E68-962A-B431E22E545B}.Debug|Any CPU.ActiveCfg = Debug|Any CPU
		{F6D9E34F-8F49-4E68-962A-B431E22E545B}.Debug|Any CPU.Build.0 = Debug|Any CPU
		{F6D9E34F-8F49-4E68-962A-B431E22E545B}.Release|Any CPU.ActiveCfg = Release|Any CPU
		{F6D9E34F-8F49-4E68-962A-B431E22E545B}.Release|Any CPU.Build.0 = Release|Any CPU
		{2D5AEF31-9B09-49A1-A1EC-687E291C8BD7}.Debug|Any CPU.ActiveCfg = Debug|Any CPU
		{2D5AEF31-9B09-49A1-A1EC-687E291C8BD7}.Debug|Any CPU.Build.0 = Debug|Any CPU
		{2D5AEF31-9B09-49A1-A1EC-687E291C8BD7}.Release|Any CPU.ActiveCfg = Release|Any CPU
		{2D5AEF31-9B09-49A1-A1EC-687E291C8BD7}.Release|Any CPU.Build.0 = Release|Any CPU
		{B2650CD3-BEE2-4A30-A6E2-2BE0C4C005B7}.Debug|Any CPU.ActiveCfg = Debug|Any CPU
		{B2650CD3-BEE2-4A30-A6E2-2BE0C4C005B7}.Debug|Any CPU.Build.0 = Debug|Any CPU
		{B2650CD3-BEE2-4A30-A6E2-2BE0C4C005B7}.Release|Any CPU.ActiveCfg = Release|Any CPU
		{B2650CD3-BEE2-4A30-A6E2-2BE0C4C005B7}.Release|Any CPU.Build.0 = Release|Any CPU
	EndGlobalSection
	GlobalSection(SolutionProperties) = preSolution
		HideSolutionNode = FALSE
	EndGlobalSection
	GlobalSection(ExtensibilityGlobals) = postSolution
		SolutionGuid = {F3BD1784-1614-4CF3-AC64-45C6A6BF6CA1}
	EndGlobalSection
EndGlobal
